{
  "lockfileVersion": 1,
  "workspaces": {
    "": {
      "name": "risklegacy2",
      "devDependencies": {
        "@types/bun": "latest",
        "fvtt-types": "github:League-of-Foundry-Developers/foundry-vtt-types#main",
      },
      "peerDependencies": {
        "typescript": "^5",
      },
    },
  },
  "packages": {
    "@codemirror/autocomplete": ["@codemirror/autocomplete@6.18.6", "", { "dependencies": { "@codemirror/language": "^6.0.0", "@codemirror/state": "^6.0.0", "@codemirror/view": "^6.17.0", "@lezer/common": "^1.0.0" } }, "sha512-PHHBXFomUs5DF+9tCOM/UoW6XQ4R44lLNNhRaW9PKPTU0D7lIjRg3ElxaJnTwsl/oHiR93WSXDBrekhoUGCPtg=="],

    "@codemirror/commands": ["@codemirror/commands@6.8.1", "", { "dependencies": { "@codemirror/language": "^6.0.0", "@codemirror/state": "^6.4.0", "@codemirror/view": "^6.27.0", "@lezer/common": "^1.1.0" } }, "sha512-KlGVYufHMQzxbdQONiLyGQDUW0itrLZwq3CcY7xpv9ZLRHqzkBSoteocBHtMCoY7/Ci4xhzSrToIeLg7FxHuaw=="],

    "@codemirror/lang-css": ["@codemirror/lang-css@6.3.1", "", { "dependencies": { "@codemirror/autocomplete": "^6.0.0", "@codemirror/language": "^6.0.0", "@codemirror/state": "^6.0.0", "@lezer/common": "^1.0.2", "@lezer/css": "^1.1.7" } }, "sha512-kr5fwBGiGtmz6l0LSJIbno9QrifNMUusivHbnA1H6Dmqy4HZFte3UAICix1VuKo0lMPKQr2rqB+0BkKi/S3Ejg=="],

    "@codemirror/lang-html": ["@codemirror/lang-html@6.4.9", "", { "dependencies": { "@codemirror/autocomplete": "^6.0.0", "@codemirror/lang-css": "^6.0.0", "@codemirror/lang-javascript": "^6.0.0", "@codemirror/language": "^6.4.0", "@codemirror/state": "^6.0.0", "@codemirror/view": "^6.17.0", "@lezer/common": "^1.0.0", "@lezer/css": "^1.1.0", "@lezer/html": "^1.3.0" } }, "sha512-aQv37pIMSlueybId/2PVSP6NPnmurFDVmZwzc7jszd2KAF8qd4VBbvNYPXWQq90WIARjsdVkPbw29pszmHws3Q=="],

    "@codemirror/lang-javascript": ["@codemirror/lang-javascript@6.2.4", "", { "dependencies": { "@codemirror/autocomplete": "^6.0.0", "@codemirror/language": "^6.6.0", "@codemirror/lint": "^6.0.0", "@codemirror/state": "^6.0.0", "@codemirror/view": "^6.17.0", "@lezer/common": "^1.0.0", "@lezer/javascript": "^1.0.0" } }, "sha512-0WVmhp1QOqZ4Rt6GlVGwKJN3KW7Xh4H2q8ZZNGZaP6lRdxXJzmjm4FqvmOojVj6khWJHIb9sp7U/72W7xQgqAA=="],

    "@codemirror/lang-json": ["@codemirror/lang-json@6.0.1", "", { "dependencies": { "@codemirror/language": "^6.0.0", "@lezer/json": "^1.0.0" } }, "sha512-+T1flHdgpqDDlJZ2Lkil/rLiRy684WMLc74xUnjJH48GQdfJo/pudlTRreZmKwzP8/tGdKf83wlbAdOCzlJOGQ=="],

    "@codemirror/lang-markdown": ["@codemirror/lang-markdown@6.3.2", "", { "dependencies": { "@codemirror/autocomplete": "^6.7.1", "@codemirror/lang-html": "^6.0.0", "@codemirror/language": "^6.3.0", "@codemirror/state": "^6.0.0", "@codemirror/view": "^6.0.0", "@lezer/common": "^1.2.1", "@lezer/markdown": "^1.0.0" } }, "sha512-c/5MYinGbFxYl4itE9q/rgN/sMTjOr8XL5OWnC+EaRMLfCbVUmmubTJfdgpfcSS2SCaT7b+Q+xi3l6CgoE+BsA=="],

    "@codemirror/language": ["@codemirror/language@6.11.0", "", { "dependencies": { "@codemirror/state": "^6.0.0", "@codemirror/view": "^6.23.0", "@lezer/common": "^1.1.0", "@lezer/highlight": "^1.0.0", "@lezer/lr": "^1.0.0", "style-mod": "^4.0.0" } }, "sha512-A7+f++LodNNc1wGgoRDTt78cOwWm9KVezApgjOMp1W4hM0898nsqBXwF+sbePE7ZRcjN7Sa1Z5m2oN27XkmEjQ=="],

    "@codemirror/lint": ["@codemirror/lint@6.8.5", "", { "dependencies": { "@codemirror/state": "^6.0.0", "@codemirror/view": "^6.35.0", "crelt": "^1.0.5" } }, "sha512-s3n3KisH7dx3vsoeGMxsbRAgKe4O1vbrnKBClm99PU0fWxmxsx5rR2PfqQgIt+2MMJBHbiJ5rfIdLYfB9NNvsA=="],

    "@codemirror/search": ["@codemirror/search@6.5.11", "", { "dependencies": { "@codemirror/state": "^6.0.0", "@codemirror/view": "^6.0.0", "crelt": "^1.0.5" } }, "sha512-KmWepDE6jUdL6n8cAAqIpRmLPBZ5ZKnicE8oGU/s3QrAVID+0VhLFrzUucVKHG5035/BSykhExDL/Xm7dHthiA=="],

    "@codemirror/state": ["@codemirror/state@6.5.2", "", { "dependencies": { "@marijn/find-cluster-break": "^1.0.0" } }, "sha512-FVqsPqtPWKVVL3dPSxy8wEF/ymIEuVzF1PK3VbUgrxXpJUSHQWWZz4JMToquRxnkw+36LTamCZG2iua2Ptq0fA=="],

    "@codemirror/view": ["@codemirror/view@6.37.1", "", { "dependencies": { "@codemirror/state": "^6.5.0", "crelt": "^1.0.6", "style-mod": "^4.1.0", "w3c-keyname": "^2.2.4" } }, "sha512-Qy4CAUwngy/VQkEz0XzMKVRcckQuqLYWKqVpDDDghBe5FSXSqfVrJn49nw3ePZHxRUz4nRmb05Lgi+9csWo4eg=="],

    "@lezer/common": ["@lezer/common@1.2.3", "", {}, "sha512-w7ojc8ejBqr2REPsWxJjrMFsA/ysDCFICn8zEOR9mrqzOu2amhITYuLD8ag6XZf0CFXDrhKqw7+tW8cX66NaDA=="],

    "@lezer/css": ["@lezer/css@1.2.1", "", { "dependencies": { "@lezer/common": "^1.2.0", "@lezer/highlight": "^1.0.0", "@lezer/lr": "^1.3.0" } }, "sha512-2F5tOqzKEKbCUNraIXc0f6HKeyKlmMWJnBB0i4XW6dJgssrZO/YlZ2pY5xgyqDleqqhiNJ3dQhbrV2aClZQMvg=="],

    "@lezer/highlight": ["@lezer/highlight@1.2.1", "", { "dependencies": { "@lezer/common": "^1.0.0" } }, "sha512-Z5duk4RN/3zuVO7Jq0pGLJ3qynpxUVsh7IbUbGj88+uV2ApSAn6kWg2au3iJb+0Zi7kKtqffIESgNcRXWZWmSA=="],

    "@lezer/html": ["@lezer/html@1.3.10", "", { "dependencies": { "@lezer/common": "^1.2.0", "@lezer/highlight": "^1.0.0", "@lezer/lr": "^1.0.0" } }, "sha512-dqpT8nISx/p9Do3AchvYGV3qYc4/rKr3IBZxlHmpIKam56P47RSHkSF5f13Vu9hebS1jM0HmtJIwLbWz1VIY6w=="],

    "@lezer/javascript": ["@lezer/javascript@1.5.1", "", { "dependencies": { "@lezer/common": "^1.2.0", "@lezer/highlight": "^1.1.3", "@lezer/lr": "^1.3.0" } }, "sha512-ATOImjeVJuvgm3JQ/bpo2Tmv55HSScE2MTPnKRMRIPx2cLhHGyX2VnqpHhtIV1tVzIjZDbcWQm+NCTF40ggZVw=="],

    "@lezer/json": ["@lezer/json@1.0.3", "", { "dependencies": { "@lezer/common": "^1.2.0", "@lezer/highlight": "^1.0.0", "@lezer/lr": "^1.0.0" } }, "sha512-BP9KzdF9Y35PDpv04r0VeSTKDeox5vVr3efE7eBbx3r4s3oNLfunchejZhjArmeieBH+nVOpgIiBJpEAv8ilqQ=="],

    "@lezer/lr": ["@lezer/lr@1.4.2", "", { "dependencies": { "@lezer/common": "^1.0.0" } }, "sha512-pu0K1jCIdnQ12aWNaAVU5bzi7Bd1w54J3ECgANPmYLtQKP0HBj2cE/5coBD66MT10xbtIuUr7tg0Shbsvk0mDA=="],

    "@lezer/markdown": ["@lezer/markdown@1.4.3", "", { "dependencies": { "@lezer/common": "^1.0.0", "@lezer/highlight": "^1.0.0" } }, "sha512-kfw+2uMrQ/wy/+ONfrH83OkdFNM0ye5Xq96cLlaCy7h5UT9FO54DU4oRoIc0CSBh5NWmWuiIJA7NGLMJbQ+Oxg=="],

    "@marijn/find-cluster-break": ["@marijn/find-cluster-break@1.0.2", "", {}, "sha512-l0h88YhZFyKdXIFNfSWpyjStDjGHwZ/U7iobcK1cQQD8sejsONdQtTVU+1wVN1PBw40PiiHB1vA5S7VTfQiP9g=="],

    "@peggyjs/from-mem": ["@peggyjs/from-mem@1.3.5", "", { "dependencies": { "semver": "7.6.3" } }, "sha512-oRyzXE7nirAn+5yYjCdWQHg3EG2XXcYRoYNOK8Quqnmm+9FyK/2YWVunwudlYl++M3xY+gIAdf0vAYS+p0nKfQ=="],

    "@pixi/accessibility": ["@pixi/accessibility@7.4.3", "", { "peerDependencies": { "@pixi/core": "7.4.3", "@pixi/display": "7.4.3", "@pixi/events": "7.4.3" } }, "sha512-tCr0yeWpMe0yucFvEPidy5a7gVJGpTjqGrDpSEBYT/kbScfUwcoX49RrckCCCiXDlyO4WRh9lVVuHXTvqRLIMg=="],

    "@pixi/app": ["@pixi/app@7.4.3", "", { "peerDependencies": { "@pixi/core": "7.4.3", "@pixi/display": "7.4.3" } }, "sha512-opyWMuO0Ir8pf1DYUR++wAA6ZfNU+nIX2z95R2OD172HbcdhB4/HD7leLIIAny/LciEdMqlWEBhXK7N93YWbdg=="],

    "@pixi/assets": ["@pixi/assets@7.4.3", "", { "dependencies": { "@types/css-font-loading-module": "^0.0.12" }, "peerDependencies": { "@pixi/core": "7.4.3" } }, "sha512-StvjiJBSp/j9hHkGu8AFHNvwYUazXq64WhyhytztyDMRkg/l/cL7EcttY5T0qZNWlIpccdr60LUKrWDOuMpkiw=="],

    "@pixi/basis": ["@pixi/basis@7.4.3", "", { "peerDependencies": { "@pixi/assets": "7.4.3", "@pixi/compressed-textures": "7.4.3", "@pixi/core": "7.4.3" } }, "sha512-dnRk8fEP4Y4g7EYUXtRX+Xrgu6C/tvqOdCNvfHAazYoDQ4MT484gp/1jEEabsLcH9tFgftXu/+ZVcUbwzdd8qw=="],

    "@pixi/color": ["@pixi/color@7.4.3", "", { "dependencies": { "@pixi/colord": "^2.9.6" } }, "sha512-a6R+bXKeXMDcRmjYQoBIK+v2EYqxSX49wcjAY579EYM/WrFKS98nSees6lqVUcLKrcQh2DT9srJHX7XMny3voQ=="],

    "@pixi/colord": ["@pixi/colord@2.9.6", "", {}, "sha512-nezytU2pw587fQstUu1AsJZDVEynjskwOL+kibwcdxsMBFqPsFFNA7xl0ii/gXuDi6M0xj3mfRJj8pBSc2jCfA=="],

    "@pixi/compressed-textures": ["@pixi/compressed-textures@7.4.3", "", { "peerDependencies": { "@pixi/assets": "7.4.3", "@pixi/core": "7.4.3" } }, "sha512-uJ3CC+lNX4HIxs6IxEESO50/0A1KxSVm6CO9UlkXzTsNj9ynmdy5BkJ1dzii7LCdqGcHIXHO01yvKuUbJBBQtw=="],

    "@pixi/constants": ["@pixi/constants@7.4.3", "", {}, "sha512-QGmwJUNQy/vVEHzL6VGQvnwawLZ1wceZMI8HwJAT4/I2uAzbBeFDdmCS8WsTpSWLZjF/DszDc1D8BFp4pVJ5UQ=="],

    "@pixi/core": ["@pixi/core@7.4.3", "", { "dependencies": { "@pixi/color": "7.4.3", "@pixi/constants": "7.4.3", "@pixi/extensions": "7.4.3", "@pixi/math": "7.4.3", "@pixi/runner": "7.4.3", "@pixi/settings": "7.4.3", "@pixi/ticker": "7.4.3", "@pixi/utils": "7.4.3" } }, "sha512-5YDs11faWgVVTL8VZtLU05/Fl47vaP5Tnsbf+y/WRR0VSW3KhRRGTBU1J3Gdc2xEWbJhUK07KGP7eSZpvtPVgA=="],

    "@pixi/display": ["@pixi/display@7.4.3", "", { "peerDependencies": { "@pixi/core": "7.4.3" } }, "sha512-b5m2dAaoNAVdxz1oDaxl3XZ059NEOcNtGkxTOZ4EYCw/jcp9sZXkgSROHRzsGn4k+NugH7+9MP4Id2Z0kkdUhw=="],

    "@pixi/events": ["@pixi/events@7.4.3", "", { "peerDependencies": { "@pixi/core": "7.4.3", "@pixi/display": "7.4.3" } }, "sha512-o3j/5Dxq6WDVS6eHfURB/cf/MP+NcsF/eC5PnbSHjXxJmDE7PoTVwLvxexm5uuvNRpFh/6/Fn0V8Vl4gV8sc8w=="],

    "@pixi/extensions": ["@pixi/extensions@7.4.3", "", {}, "sha512-FhoiYkHQEDYHUE7wXhqfsTRz6KxLXjuMbSiAwnLb9uG1vAgp6q6qd6HEsf4X30YaZbLFY8a4KY6hFZWjF+4Fdw=="],

    "@pixi/extract": ["@pixi/extract@7.4.3", "", { "peerDependencies": { "@pixi/core": "7.4.3" } }, "sha512-HNvGNrEVaeVsbcnIO1MsHpjZbTwo9nIlaOEBzDGcL6JWwzuB1RnzUke7WUCndCUt91sGUdvPnvgCvy9/NNFg3w=="],

    "@pixi/filter-alpha": ["@pixi/filter-alpha@7.4.3", "", { "peerDependencies": { "@pixi/core": "7.4.3" } }, "sha512-YFdUB1I53USQb+9TEhS849dV2KZhbnNGIoBbOSThUJfXQc4pDguIFWMagVToAQYgmZ4C4AtYfVjaSEELrMcCdA=="],

    "@pixi/filter-blur": ["@pixi/filter-blur@7.4.3", "", { "peerDependencies": { "@pixi/core": "7.4.3" } }, "sha512-ZFzS9L/whdRbs5A/EUgF3yQaBcxNarmbuwaMgrfnpQ84mRczkGByqDLGToadiufyals07ufTrXBGRle9lbtEDA=="],

    "@pixi/filter-color-matrix": ["@pixi/filter-color-matrix@7.4.3", "", { "peerDependencies": { "@pixi/core": "7.4.3" } }, "sha512-TNu0h20SrzjUWIb5v19dAp1vPpqtG0w2XF9kIHN91bMNaf3R1jzhpWG6TtaVO9eo1IolWcEJLw38jIohyC+KNw=="],

    "@pixi/filter-displacement": ["@pixi/filter-displacement@7.4.3", "", { "peerDependencies": { "@pixi/core": "7.4.3" } }, "sha512-ax+cFA2mEnKgqf9F8qInpv09GNWzjwnASLETpwPXzWBtlAlNCeHV2tCv3+SlMdEKUkwG9sA7AmjjjC2JBUyt+Q=="],

    "@pixi/filter-fxaa": ["@pixi/filter-fxaa@7.4.3", "", { "peerDependencies": { "@pixi/core": "7.4.3" } }, "sha512-y9jhho5cCflhEsPtNqqsd+XJHsb+/ysht4rG/VHQ8Z6pScHYpbgiEpowryGq8uSMQQwx6zKNS2DPiXdiOHPZsg=="],

    "@pixi/filter-noise": ["@pixi/filter-noise@7.4.3", "", { "peerDependencies": { "@pixi/core": "7.4.3" } }, "sha512-rwgSO3BKe1jW/P5CaOcfLKjfpl674aBEo/igi/3QLxA3ORhILNqWRsKkOwP8xF/ejI5NE4rMEkdv0LScbdGFhA=="],

    "@pixi/graphics": ["@pixi/graphics@7.4.3", "", { "peerDependencies": { "@pixi/core": "7.4.3", "@pixi/display": "7.4.3", "@pixi/sprite": "7.4.3" } }, "sha512-wWLivD8/URb8A7X4TqCZGG39C91IE+aOuWY/z9NCz5Z6WvA/VWnsc5fLTlO+ggjGHgKF0cSucCXZfUe1wm0AOQ=="],

    "@pixi/graphics-smooth": ["@pixi/graphics-smooth@1.1.1", "", { "peerDependencies": { "@pixi/core": "^7.2.0", "@pixi/display": "^7.2.0", "@pixi/graphics": "^7.2.0" } }, "sha512-9xIFWZhHGEb6KCnyWL6TVPYG/QkF0YDM/yDU5EvjTQbaj/1cITrXtI5P3tBkB5H0DQi+8J8/QS38MjfqNEJAYQ=="],

    "@pixi/math": ["@pixi/math@7.4.3", "", {}, "sha512-/uJOVhR2DOZ+zgdI6Bs/CwcXT4bNRKsS+TqX3ekRIxPCwaLra+Qdm7aDxT5cTToDzdxbKL5+rwiLu3Y1egILDw=="],

    "@pixi/mesh": ["@pixi/mesh@7.4.3", "", { "peerDependencies": { "@pixi/core": "7.4.3", "@pixi/display": "7.4.3" } }, "sha512-CikqFPtKvU3Zj986/MSoC8X39CWv5CEpiEW/tYp47p4tgQNDSkNWYnDiNYgb+4VX6pNsBrgX4DALLdTR17SlSA=="],

    "@pixi/mesh-extras": ["@pixi/mesh-extras@7.4.3", "", { "peerDependencies": { "@pixi/core": "7.4.3", "@pixi/mesh": "7.4.3" } }, "sha512-EqpxpVZoTObyupxMSzuUsCGmWPQioW84n9EO9Ajawkk/HYA+qKFZ5viKiEThIUBYgv4Apn/7c0U3Feg7Ez4uQQ=="],

    "@pixi/mixin-cache-as-bitmap": ["@pixi/mixin-cache-as-bitmap@7.4.3", "", { "peerDependencies": { "@pixi/core": "7.4.3", "@pixi/display": "7.4.3", "@pixi/sprite": "7.4.3" } }, "sha512-NgvDdgSgd2tfcTSc+SWF12JJjVVz5ZrkSlhX0idSp/LSako82AiFJlD2xqH9GUsEcA6sqBBlnu7nrGkPTHQdhA=="],

    "@pixi/mixin-get-child-by-name": ["@pixi/mixin-get-child-by-name@7.4.3", "", { "peerDependencies": { "@pixi/display": "7.4.3" } }, "sha512-HLhDxHwafQT+CxbqQx9w9ivJIyAOg9JJ/6m4fNymVuDWeuMGcxDxBD7DukdUYIieT+RD/RlxdPEmq8YoromlFA=="],

    "@pixi/mixin-get-global-position": ["@pixi/mixin-get-global-position@7.4.3", "", { "peerDependencies": { "@pixi/core": "7.4.3", "@pixi/display": "7.4.3" } }, "sha512-k09kvkS379EypCIWgXMY7uiXtWk1BsaJyTYlV16Co0AsmNPdFd+wUozMx1xV6rxcGiWXsxr/1k9fbETuYkcXCQ=="],

    "@pixi/particle-container": ["@pixi/particle-container@7.4.3", "", { "peerDependencies": { "@pixi/core": "7.4.3", "@pixi/display": "7.4.3", "@pixi/sprite": "7.4.3" } }, "sha512-0DfJF5C0XTfuI2FsLYvMKCOtqWjXWGOWfA6m4l0W/Ke/qw5zKIOEhgjPLw4qNRtOhmEfkVKJUGp66Ap/ya2YzA=="],

    "@pixi/particle-emitter": ["@pixi/particle-emitter@5.0.8", "", { "peerDependencies": { "@pixi/constants": ">=6.0.4 <8.0.0", "@pixi/core": ">=6.0.4 <8.0.0", "@pixi/display": ">=6.0.4 <8.0.0", "@pixi/math": ">=6.0.4 <8.0.0", "@pixi/sprite": ">=6.0.4 <8.0.0", "@pixi/ticker": ">=6.0.4 <8.0.0" } }, "sha512-OzuZ4+esQo+zJ0u3htuNHHMAE8Ixmr3nz3tEfrTGZHje1vnGyie3ANQj9F0V4OM47oi9jd70njVCmeb7bTkS9A=="],

    "@pixi/prepare": ["@pixi/prepare@7.4.3", "", { "peerDependencies": { "@pixi/core": "7.4.3", "@pixi/display": "7.4.3", "@pixi/graphics": "7.4.3", "@pixi/text": "7.4.3" } }, "sha512-OjJHGKXPzwP5OLKxBnTBnKMOktHynLvO0TQPqTYgNtmGQzY109mypCqM4M+s/V+uYmBo/T+sXvBahj98q/f1tA=="],

    "@pixi/runner": ["@pixi/runner@7.4.3", "", {}, "sha512-TJyfp7y23u5vvRAyYhVSa7ytq0PdKSvPLXu4G3meoFh1oxTLHH6g/RIzLuxUAThPG2z7ftthuW3qWq6dRV+dhw=="],

    "@pixi/settings": ["@pixi/settings@7.4.3", "", { "dependencies": { "@pixi/constants": "7.4.3", "@types/css-font-loading-module": "^0.0.12", "ismobilejs": "^1.1.0" } }, "sha512-SmGK8smc0PxRB9nr0UJioEtE9hl4gvj9OedCvZx3bxBwA3omA5BmP3CyhQfN8XJ29+o2OUL01r3zAPVol4l4lA=="],

    "@pixi/sprite": ["@pixi/sprite@7.4.3", "", { "peerDependencies": { "@pixi/core": "7.4.3", "@pixi/display": "7.4.3" } }, "sha512-iNBrpOFF9nXDT6m2jcyYy6l/sRzklLDDck1eFHprHZwvNquY2nzRfh+RGBCecxhBcijiLJ3fsZN33fP0LDXkvw=="],

    "@pixi/sprite-animated": ["@pixi/sprite-animated@7.4.3", "", { "peerDependencies": { "@pixi/core": "7.4.3", "@pixi/sprite": "7.4.3" } }, "sha512-mw5YIec8KfO1Jv9qrDNvGoD7Dlmcgww5YlMtd+ARi7Zzo+6ziNw899LXtoaKX1+3BXdZbYNyJAx3C5r30NtwXA=="],

    "@pixi/sprite-tiling": ["@pixi/sprite-tiling@7.4.3", "", { "peerDependencies": { "@pixi/core": "7.4.3", "@pixi/display": "7.4.3", "@pixi/sprite": "7.4.3" } }, "sha512-kUa9cEcMsGXSIZoXA7LhW4oo0eWa30w0KYd7mZ0bqalBMfOcvsGZMN701Lc5lpE8URw+8yu5bnyGLbrxhWBTuw=="],

    "@pixi/spritesheet": ["@pixi/spritesheet@7.4.3", "", { "peerDependencies": { "@pixi/assets": "7.4.3", "@pixi/core": "7.4.3" } }, "sha512-Ce4xZzUxUSKfiROUjjVCBYNLuCcDEWKJ822bSV9rkgVHItu3q04VnEww0DXO+9K0hKv4Ukjjk8aP6Pz0LgPm7A=="],

    "@pixi/text": ["@pixi/text@7.4.3", "", { "peerDependencies": { "@pixi/core": "7.4.3", "@pixi/sprite": "7.4.3" } }, "sha512-IAF0iu04rPg3oiL0HZsEZI44fpJxq3UZ4xTmx8l1RyhhSXiElLvvSlSH57vt/BKMQZtCs+AqEit7yn8heK2+nQ=="],

    "@pixi/text-bitmap": ["@pixi/text-bitmap@7.4.3", "", { "peerDependencies": { "@pixi/assets": "7.4.3", "@pixi/core": "7.4.3", "@pixi/display": "7.4.3", "@pixi/mesh": "7.4.3", "@pixi/text": "7.4.3" } }, "sha512-TnBocJm7f5nMAYwYcsojc62uCrOYauAGH26o3pNrlqmHDRDQ7FzPOGvkYZGYFREbUycloLSRlYpSy0FB9ZdV4Q=="],

    "@pixi/text-html": ["@pixi/text-html@7.4.3", "", { "peerDependencies": { "@pixi/core": "7.4.3", "@pixi/display": "7.4.3", "@pixi/sprite": "7.4.3", "@pixi/text": "7.4.3" } }, "sha512-nm9K9gjSZAU8ETwQZBE3kMGNdO1IzyghxoRTcJCWKhekiGDpUQhopfNhqieNZ7reVJpvhpFQWjbyaHDehndUaQ=="],

    "@pixi/ticker": ["@pixi/ticker@7.4.3", "", { "dependencies": { "@pixi/extensions": "7.4.3", "@pixi/settings": "7.4.3", "@pixi/utils": "7.4.3" } }, "sha512-tHsAD0iOUb6QSGGw+c8cyRBvxsq/NlfzIFBZLEHhWZ+Bx4a0MmXup6I/yJDGmyPCYE+ctCcAfY13wKAzdiVFgQ=="],

    "@pixi/utils": ["@pixi/utils@7.4.3", "", { "dependencies": { "@pixi/color": "7.4.3", "@pixi/constants": "7.4.3", "@pixi/settings": "7.4.3", "@types/earcut": "^2.1.0", "earcut": "^2.2.4", "eventemitter3": "^4.0.0", "url": "^0.11.0" } }, "sha512-NO3Y9HAn2UKS1YdxffqsPp+kDpVm8XWvkZcS/E+rBzY9VTLnNOI7cawSRm+dacdET3a8Jad3aDKEDZ0HmAqAFA=="],

    "@socket.io/component-emitter": ["@socket.io/component-emitter@3.1.2", "", {}, "sha512-9BCxFwvbGg/RsZK9tjXd8s4UcwR0MWeFQ1XEKIQVVvAGJyINdrqKMcTRyLoK8Rse1GjzLV9cwjWV1olXRWEXVA=="],

    "@types/bun": ["@types/bun@1.2.15", "", { "dependencies": { "bun-types": "1.2.15" } }, "sha512-U1ljPdBEphF0nw1MIk0hI7kPg7dFdPyM7EenHsp6W5loNHl7zqy6JQf/RKCgnUn2KDzUpkBwHPnEJEjII594bA=="],

    "@types/cors": ["@types/cors@2.8.18", "", { "dependencies": { "@types/node": "*" } }, "sha512-nX3d0sxJW41CqQvfOzVG1NCTXfFDrDWIghCZncpHeWlVFd81zxB/DLhg7avFg6eHLCRX7ckBmoIIcqa++upvJA=="],

    "@types/css-font-loading-module": ["@types/css-font-loading-module@0.0.12", "", {}, "sha512-x2tZZYkSxXqWvTDgveSynfjq/T2HyiZHXb00j/+gy19yp70PHCizM48XFdjBCWH7eHBD0R5i/pw9yMBP/BH5uA=="],

    "@types/earcut": ["@types/earcut@3.0.0", "", {}, "sha512-k/9fOUGO39yd2sCjrbAJvGDEQvRwRnQIZlBz43roGwUZo5SHAmyVvSFyaVVZkicRVCaDXPKlbxrUcBuJoSWunQ=="],

    "@types/jquery": ["@types/jquery@3.5.32", "", { "dependencies": { "@types/sizzle": "*" } }, "sha512-b9Xbf4CkMqS02YH8zACqN1xzdxc3cO735Qe5AbSUFmyOiaWAbcpqh9Wna+Uk0vgACvoQHpWDg2rGdHkYPLmCiQ=="],

    "@types/node": ["@types/node@22.15.29", "", { "dependencies": { "undici-types": "~6.21.0" } }, "sha512-LNdjOkUDlU1RZb8e1kOIUpN1qQUlzGkEtbVNo53vbrwDg5om6oduhm4SiUaPW5ASTXhAiP0jInWG8Qx9fVlOeQ=="],

    "@types/showdown": ["@types/showdown@2.0.6", "", {}, "sha512-pTvD/0CIeqe4x23+YJWlX2gArHa8G0J0Oh6GKaVXV7TAeickpkkZiNOgFcFcmLQ5lB/K0qBJL1FtRYltBfbGCQ=="],

    "@types/simple-peer": ["@types/simple-peer@9.11.8", "", { "dependencies": { "@types/node": "*" } }, "sha512-rvqefdp2rvIA6wiomMgKWd2UZNPe6LM2EV5AuY3CPQJF+8TbdrL5TjYdMf0VAjGczzlkH4l1NjDkihwbj3Xodw=="],

    "@types/sizzle": ["@types/sizzle@2.3.9", "", {}, "sha512-xzLEyKB50yqCUPUJkIsrVvoWNfFUbIZI+RspLWt8u+tIW/BetMBZtgV2LY/2o+tYH8dRvQ+eoPf3NdhQCcLE2w=="],

    "@types/youtube": ["@types/youtube@0.0.50", "", {}, "sha512-d4GpH4uPYp9W07kc487tiq6V/EUHl18vZWFMbQoe4Sk9LXEWzFi/BMf9x7TI4m7/j7gU3KeX8H6M8aPBgykeLw=="],

    "accepts": ["accepts@1.3.8", "", { "dependencies": { "mime-types": "~2.1.34", "negotiator": "0.6.3" } }, "sha512-PYAthTa2m2VKxuvSD3DPC/Gy+U+sOA1LAuT8mkmRuvw+NACSaeXEQ+NHcVF7rONl6qcaxV3Uuemwawk+7+SJLw=="],

    "base64-js": ["base64-js@1.5.1", "", {}, "sha512-AKpaYlHn8t4SVbOHCy+b5+KKgvR4vrsD8vbvrbiQJps7fKDTkjkDry6ji0rUJjC0kzbNePLwzxq8iypo41qeWA=="],

    "base64id": ["base64id@2.0.0", "", {}, "sha512-lGe34o6EHj9y3Kts9R4ZYs/Gr+6N7MCaMlIFA3F1R2O5/m7K06AxfSeO5530PEERE6/WyEg3lsuyw4GHlPZHog=="],

    "buffer": ["buffer@6.0.3", "", { "dependencies": { "base64-js": "^1.3.1", "ieee754": "^1.2.1" } }, "sha512-FTiCpNxtwiZZHEZbcbTIcZjERVICn9yq/pDFkTl95/AxzD1naBctN7YO68riM/gLSDY7sdrMby8hofADYuuqOA=="],

    "bun-types": ["bun-types@1.2.15", "", { "dependencies": { "@types/node": "*" } }, "sha512-NarRIaS+iOaQU1JPfyKhZm4AsUOrwUOqRNHY0XxI8GI8jYxiLXLcdjYMG9UKS+fwWasc1uw1htV9AX24dD+p4w=="],

    "call-bind-apply-helpers": ["call-bind-apply-helpers@1.0.2", "", { "dependencies": { "es-errors": "^1.3.0", "function-bind": "^1.1.2" } }, "sha512-Sp1ablJ0ivDkSzjcaJdxEunN5/XvksFJ2sMBFfq6x0ryhQV/2b/KwFe21cMpmHtPOSij8K99/wSfoEuTObmuMQ=="],

    "call-bound": ["call-bound@1.0.4", "", { "dependencies": { "call-bind-apply-helpers": "^1.0.2", "get-intrinsic": "^1.3.0" } }, "sha512-+ys997U96po4Kx/ABpBCqhA9EuxJaQWDQg7295H4hBphv3IZg0boBKuwYpt4YXp6MZ5AmZQnU/tyMTlRpaSejg=="],

    "codemirror": ["codemirror@6.0.1", "", { "dependencies": { "@codemirror/autocomplete": "^6.0.0", "@codemirror/commands": "^6.0.0", "@codemirror/language": "^6.0.0", "@codemirror/lint": "^6.0.0", "@codemirror/search": "^6.0.0", "@codemirror/state": "^6.0.0", "@codemirror/view": "^6.0.0" } }, "sha512-J8j+nZ+CdWmIeFIGXEFbFPtpiYacFMDR8GlHK3IyHQJMCaVRfGx9NT+Hxivv1ckLWPvNdZqndbr/7lVhrf/Svg=="],

    "commander": ["commander@12.1.0", "", {}, "sha512-Vw8qHK3bZM9y/P10u3Vib8o/DdkvA2OtPtZvD871QKjy74Wj1WSKFILMPRPSdUSx5RFK1arlJzEtA4PkFgnbuA=="],

    "cookie": ["cookie@0.7.2", "", {}, "sha512-yki5XnKuf750l50uGTllt6kKILY4nQ1eNIQatoXEByZ5dWgnKqbnqmTrBE5B4N7lrMJKQ2ytWMiTO2o0v6Ew/w=="],

    "cors": ["cors@2.8.5", "", { "dependencies": { "object-assign": "^4", "vary": "^1" } }, "sha512-KIHbLJqu73RGr/hnbrO9uBeixNGuvSQjul/jdFvS/KFSIH1hWVd1ng7zOHx+YrEfInLG7q4n6GHQ9cDtxv/P6g=="],

    "crelt": ["crelt@1.0.6", "", {}, "sha512-VQ2MBenTq1fWZUH9DJNGti7kKv6EeAuYr3cLwxUWhIu1baTaXh4Ib5W2CqHVqib4/MqbYGJqiL3Zb8GJZr3l4g=="],

    "debug": ["debug@4.3.7", "", { "dependencies": { "ms": "^2.1.3" } }, "sha512-Er2nc/H7RrMXZBFCEim6TCmMk02Z8vLC2Rbi1KEBggpo0fS6l0S1nnapwmIi3yW/+GOJap1Krg4w0Hg80oCqgQ=="],

    "deepmerge": ["deepmerge@4.3.1", "", {}, "sha512-3sUqbMEc77XqpdNO7FRyRog+eW3ph+GYCbj+rK+uYyRMuwsVy0rMiVtPn+QJlKFvWP/1PYpapqYn0Me2knFn+A=="],

    "dom-serializer": ["dom-serializer@2.0.0", "", { "dependencies": { "domelementtype": "^2.3.0", "domhandler": "^5.0.2", "entities": "^4.2.0" } }, "sha512-wIkAryiqt/nV5EQKqQpo3SToSOV9J0DnbJqwK7Wv/Trc92zIAYZ4FlMu+JPFW1DfGFt81ZTCGgDEabffXeLyJg=="],

    "domelementtype": ["domelementtype@2.3.0", "", {}, "sha512-OLETBj6w0OsagBwdXnPdN0cnMfF9opN69co+7ZrbfPGrdpPVNBUj02spi6B1N7wChLQiPn4CSH/zJvXw56gmHw=="],

    "domhandler": ["domhandler@5.0.3", "", { "dependencies": { "domelementtype": "^2.3.0" } }, "sha512-cgwlv/1iFQiFnU96XXgROh8xTeetsnJiDsTc7TYCLFd9+/WNkIqPTxiM/8pSd8VIrhXGTf1Ny1q1hquVqDJB5w=="],

    "domutils": ["domutils@3.2.2", "", { "dependencies": { "dom-serializer": "^2.0.0", "domelementtype": "^2.3.0", "domhandler": "^5.0.3" } }, "sha512-6kZKyUajlDuqlHKVX1w7gyslj9MPIXzIFiz/rGu35uC1wMi+kMhQwGhl4lt9unC9Vb9INnY9Z3/ZA3+FhASLaw=="],

    "dunder-proto": ["dunder-proto@1.0.1", "", { "dependencies": { "call-bind-apply-helpers": "^1.0.1", "es-errors": "^1.3.0", "gopd": "^1.2.0" } }, "sha512-KIN/nDJBQRcXw0MLVhZE9iQHmG68qAVIBg9CqmUYjmQIhgij9U5MFvrqkUL5FbtyyzZuOeOt0zdeRe4UY7ct+A=="],

    "earcut": ["earcut@3.0.1", "", {}, "sha512-0l1/0gOjESMeQyYaK5IDiPNvFeu93Z/cO0TjZh9eZ1vyCtZnA7KMZ8rQggpsJHIbGSdrqYq9OhuveadOVHCshw=="],

    "engine.io": ["engine.io@6.6.4", "", { "dependencies": { "@types/cors": "^2.8.12", "@types/node": ">=10.0.0", "accepts": "~1.3.4", "base64id": "2.0.0", "cookie": "~0.7.2", "cors": "~2.8.5", "debug": "~4.3.1", "engine.io-parser": "~5.2.1", "ws": "~8.17.1" } }, "sha512-ZCkIjSYNDyGn0R6ewHDtXgns/Zre/NT6Agvq1/WobF7JXgFff4SeDroKiCO3fNJreU9YG429Sc81o4w5ok/W5g=="],

    "engine.io-client": ["engine.io-client@6.6.3", "", { "dependencies": { "@socket.io/component-emitter": "~3.1.0", "debug": "~4.3.1", "engine.io-parser": "~5.2.1", "ws": "~8.17.1", "xmlhttprequest-ssl": "~2.1.1" } }, "sha512-T0iLjnyNWahNyv/lcjS2y4oE358tVS/SYQNxYXGAJ9/GLgH4VCvOQ/mhTjqU88mLZCQgiG8RIegFHYCdVC+j5w=="],

    "engine.io-parser": ["engine.io-parser@5.2.3", "", {}, "sha512-HqD3yTBfnBxIrbnM1DoD6Pcq8NECnh8d4As1Qgh0z5Gg3jRRIqijury0CL3ghu/edArpUYiYqQiDUQBIs4np3Q=="],

    "entities": ["entities@4.5.0", "", {}, "sha512-V0hjH4dGPh9Ao5p0MoRY6BVqtwCjhz6vI5LT8AJ55H+4g9/4vbHx1I54fS0XuclLhDHArPQCiMjDxjaL8fPxhw=="],

    "err-code": ["err-code@3.0.1", "", {}, "sha512-GiaH0KJUewYok+eeY05IIgjtAe4Yltygk9Wqp1V5yVWLdhf0hYZchRjNIT9bb0mSwRcIusT3cx7PJUf3zEIfUA=="],

    "es-define-property": ["es-define-property@1.0.1", "", {}, "sha512-e3nRfgfUZ4rNGL232gUgX06QNyyez04KdjFrF+LTRoOXmrOgFKDg4BCdsjW8EnT69eqdYGmRpJwiPVYNrCaW3g=="],

    "es-errors": ["es-errors@1.3.0", "", {}, "sha512-Zf5H2Kxt2xjTvbJvP2ZWLEICxA6j+hAmMzIlypy4xcBg1vKVnx89Wy0GbS+kf5cwCVFFzdCFh2XSCFNULS6csw=="],

    "es-object-atoms": ["es-object-atoms@1.1.1", "", { "dependencies": { "es-errors": "^1.3.0" } }, "sha512-FGgH2h8zKNim9ljj7dankFPcICIK9Cp5bm+c2gQSYePhpaG5+esrLODihIorn+Pe6FGJzWhXQotPv73jTaldXA=="],

    "escape-string-regexp": ["escape-string-regexp@4.0.0", "", {}, "sha512-TtpcNJ3XAzx3Gq8sWRzJaVajRs0uVxA2YAkdb1jm2YkPz4G6egUFAyA3n5vtEIZefPk5Wa4UXbKuS5fKkJWdgA=="],

    "eventemitter3": ["eventemitter3@4.0.7", "", {}, "sha512-8guHBZCwKnFhYdHr2ysuRWErTwhoN2X8XELRlrRwpmfeY2jjuUN4taQMsULKUVo1K4DvZl+0pgfyoysHxvmvEw=="],

    "function-bind": ["function-bind@1.1.2", "", {}, "sha512-7XHNxH7qX9xG5mIwxkhumTox/MIRNcOgDrxWsMt2pAr23WHp6MrRlN7FBSFpCpr+oVO0F744iUgR82nJMfG2SA=="],

    "fvtt-types": ["@league-of-foundry-developers/foundry-vtt-types@github:League-of-Foundry-Developers/foundry-vtt-types#052e84c", { "dependencies": { "@codemirror/lang-html": "^6.4.9", "@codemirror/lang-javascript": "^6.2.3", "@codemirror/lang-json": "^6.0.1", "@codemirror/lang-markdown": "^6.3.2", "@pixi/basis": "^7.4.3", "@pixi/graphics-smooth": "^1.1.1", "@pixi/particle-emitter": "^5.0.8", "@types/earcut": "^3.0.0", "@types/jquery": "^3.5.32", "@types/showdown": "~2.0.6", "@types/simple-peer": "~9.11.1", "@types/youtube": "~0.0.48", "codemirror": "^6.0.1", "earcut": "^3.0.1", "handlebars": "^4.7.8", "handlebars-intl": "^1.1.2", "jquery": "^3.7.1", "mime-types": "^3.0.1", "peggy": "^4.2.0", "pixi.js": "^7.4.3", "prosemirror-collab": "^1.3.1", "prosemirror-commands": "^1.7.0", "prosemirror-dropcursor": "^1.8.1", "prosemirror-gapcursor": "^1.3.2", "prosemirror-history": "^1.4.1", "prosemirror-inputrules": "^1.5.0", "prosemirror-keymap": "^1.2.2", "prosemirror-model": "^1.25.0", "prosemirror-schema-list": "^1.5.1", "prosemirror-state": "^1.4.3", "prosemirror-tables": "^1.6.4", "prosemirror-transform": "^1.10.3", "prosemirror-view": "^1.38.1", "sanitize-html": "^2.15.0", "showdown": "^2.1.0", "simple-peer": "^9.11.1", "socket.io": "^4.8.1", "socket.io-client": "^4.8.1", "spark-md5": "^3.0.2", "tinymce": "^6.8.5" }, "peerDependencies": { "typescript": "^5.4" } }, "League-of-Foundry-Developers-foundry-vtt-types-052e84c"],

    "get-browser-rtc": ["get-browser-rtc@1.1.0", "", {}, "sha512-MghbMJ61EJrRsDe7w1Bvqt3ZsBuqhce5nrn/XAwgwOXhcsz53/ltdxOse1h/8eKXj5slzxdsz56g5rzOFSGwfQ=="],

    "get-intrinsic": ["get-intrinsic@1.3.0", "", { "dependencies": { "call-bind-apply-helpers": "^1.0.2", "es-define-property": "^1.0.1", "es-errors": "^1.3.0", "es-object-atoms": "^1.1.1", "function-bind": "^1.1.2", "get-proto": "^1.0.1", "gopd": "^1.2.0", "has-symbols": "^1.1.0", "hasown": "^2.0.2", "math-intrinsics": "^1.1.0" } }, "sha512-9fSjSaos/fRIVIp+xSJlE6lfwhES7LNtKaCBIamHsjr2na1BiABJPo0mOjjz8GJDURarmCPGqaiVg5mfjb98CQ=="],

    "get-proto": ["get-proto@1.0.1", "", { "dependencies": { "dunder-proto": "^1.0.1", "es-object-atoms": "^1.0.0" } }, "sha512-sTSfBjoXBp89JvIKIefqw7U2CCebsc74kiY6awiGogKtoSGbgjYE/G/+l9sF3MWFPNc9IcoOC4ODfKHfxFmp0g=="],

    "gopd": ["gopd@1.2.0", "", {}, "sha512-ZUKRh6/kUFoAiTAtTYPZJ3hw9wNxx+BIBOijnlG9PnrJsCcSjs1wyyD6vJpaYtgnzDrKYRSqf3OO6Rfa93xsRg=="],

    "handlebars": ["handlebars@4.7.8", "", { "dependencies": { "minimist": "^1.2.5", "neo-async": "^2.6.2", "source-map": "^0.6.1", "wordwrap": "^1.0.0" }, "optionalDependencies": { "uglify-js": "^3.1.4" }, "bin": { "handlebars": "bin/handlebars" } }, "sha512-vafaFqs8MZkRrSX7sFVUdo3ap/eNiLnb4IakshzvP56X5Nr1iGKAIqdX6tMlm6HcNRIkr6AxO5jFEoJzzpT8aQ=="],

    "handlebars-intl": ["handlebars-intl@1.1.2", "", { "dependencies": { "intl-format-cache": "2.0.5", "intl-messageformat": "1.1.0", "intl-relativeformat": "1.1.0" } }, "sha512-XjamtPHDO56u/iI37UAl8bKJjzCtfDJJzx1QW+OlUm8dYqAKJ2RKjoI9qAdDrwORpiMjA4olqjWnQlJ9P5GFWw=="],

    "has-symbols": ["has-symbols@1.1.0", "", {}, "sha512-1cDNdwJ2Jaohmb3sg4OmKaMBwuC48sYni5HUw2DvsC8LjGTLK9h+eb1X6RyuOHe4hT0ULCW68iomhjUoKUqlPQ=="],

    "hasown": ["hasown@2.0.2", "", { "dependencies": { "function-bind": "^1.1.2" } }, "sha512-0hJU9SCPvmMzIBdZFqNPXWa6dqh7WdH0cII9y+CyS8rG3nL48Bclra9HmKhVVUHyPWNH5Y7xDwAB7bfgSjkUMQ=="],

    "htmlparser2": ["htmlparser2@8.0.2", "", { "dependencies": { "domelementtype": "^2.3.0", "domhandler": "^5.0.3", "domutils": "^3.0.1", "entities": "^4.4.0" } }, "sha512-GYdjWKDkbRLkZ5geuHs5NY1puJ+PXwP7+fHPRz06Eirsb9ugf6d8kkXav6ADhcODhFFPMIXyxkxSuMf3D6NCFA=="],

    "ieee754": ["ieee754@1.2.1", "", {}, "sha512-dcyqhDvX1C46lXZcVqCpK+FtMRQVdIMN6/Df5js2zouUsqG7I6sFxitIC+7KYK29KdXOLHdu9zL4sFnoVQnqaA=="],

    "inherits": ["inherits@2.0.4", "", {}, "sha512-k/vGaX4/Yla3WzyMCvTQOXYeIHvqOKtnqBduzTHpzpQZzAskKMhZ2K+EnBiSM9zGSoIFeMpXKxa4dYeZIQqewQ=="],

    "intl-format-cache": ["intl-format-cache@2.0.5", "", {}, "sha512-xYPMygEcyGQvCsSKtpJz5ftsqLBID8t4p+ZqMLmwiE6pxkIVfTHOPF/jAA+X+bJzAnjBMps/GelH8eO9eYovRQ=="],

    "intl-messageformat": ["intl-messageformat@1.1.0", "", { "dependencies": { "intl-messageformat-parser": "1.1.0" } }, "sha512-uw+PsxKM1i0Bj3bd8Y0Rkfm6SYtl9TucmslrUDIHHhz3sKKUs6sdRX+0OOx/cV9cHwAQ0hzGg0A0nswT6ZWFTA=="],

    "intl-messageformat-parser": ["intl-messageformat-parser@1.1.0", "", {}, "sha512-Dy5x2puv9ne6KUvEkZGq781p8iA4nB8BUrRUnacrgCeLv39KAGLPTiGf+18OLxa+PJ8cXnEyiGSSlIku3ZTuUA=="],

    "intl-relativeformat": ["intl-relativeformat@1.1.0", "", { "dependencies": { "intl-messageformat": "1.1.0" } }, "sha512-JLYCMrLbSbI2lDAJ2/LQ8UXR/Yu2gJ3G7g4ZRoyCljeYfVRu+PbXrpO31wOrcmdc2O+bluBOi+it/EirMxbIaw=="],

    "is-plain-object": ["is-plain-object@5.0.0", "", {}, "sha512-VRSzKkbMm5jMDoKLbltAkFQ5Qr7VDiTFGXxYFXXowVj387GeGNOCsOH6Msy00SGZ3Fp84b1Naa1psqgcCIEP5Q=="],

    "ismobilejs": ["ismobilejs@1.1.1", "", {}, "sha512-VaFW53yt8QO61k2WJui0dHf4SlL8lxBofUuUmwBo0ljPk0Drz2TiuDW4jo3wDcv41qy/SxrJ+VAzJ/qYqsmzRw=="],

    "jquery": ["jquery@3.7.1", "", {}, "sha512-m4avr8yL8kmFN8psrbFFFmB/If14iN5o9nw/NgnnM+kybDJpRsAynV2BsfpTYrTRysYUdADVD7CkUUizgkpLfg=="],

    "math-intrinsics": ["math-intrinsics@1.1.0", "", {}, "sha512-/IXtbwEk5HTPyEwyKX6hGkYXxM9nbj64B+ilVJnC/R6B0pH5G4V3b0pVbL7DBj4tkhBAppbQUlf6F6Xl9LHu1g=="],

    "mime-db": ["mime-db@1.54.0", "", {}, "sha512-aU5EJuIN2WDemCcAp2vFBfp/m4EAhWJnUNSSw0ixs7/kXbd6Pg64EmwJkNdFhB8aWt1sH2CTXrLxo/iAGV3oPQ=="],

    "mime-types": ["mime-types@3.0.1", "", { "dependencies": { "mime-db": "^1.54.0" } }, "sha512-xRc4oEhT6eaBpU1XF7AjpOFD+xQmXNB5OVKwp4tqCuBpHLS/ZbBDrc07mYTDqVMg6PfxUjjNp85O6Cd2Z/5HWA=="],

    "minimist": ["minimist@1.2.8", "", {}, "sha512-2yyAR8qBkN3YuheJanUpWC5U3bb5osDywNB8RzDVlDwDHbocAJveqqj1u8+SVD7jkWT4yvsHCpWqqWqAxb0zCA=="],

    "ms": ["ms@2.1.3", "", {}, "sha512-6FlzubTLZG3J2a/NVCAleEhjzq5oxgHyaCU9yYXvcLsvoVaHJq/s5xXI6/XXP6tz7R9xAOtHnSO/tXtF3WRTlA=="],

    "nanoid": ["nanoid@3.3.11", "", { "bin": { "nanoid": "bin/nanoid.cjs" } }, "sha512-N8SpfPUnUp1bK+PMYW8qSWdl9U+wwNWI4QKxOYDy9JAro3WMX7p2OeVRF9v+347pnakNevPmiHhNmZ2HbFA76w=="],

    "negotiator": ["negotiator@0.6.3", "", {}, "sha512-+EUsqGPLsM+j/zdChZjsnX51g4XrHFOIXwfnCVPGlQk/k5giakcKsuxCObBRu6DSm9opw/O6slWbJdghQM4bBg=="],

    "neo-async": ["neo-async@2.6.2", "", {}, "sha512-Yd3UES5mWCSqR+qNT93S3UoYUkqAZ9lLg8a7g9rimsWmYGK8cVToA4/sF3RrshdyV3sAGMXVUmpMYOw+dLpOuw=="],

    "object-assign": ["object-assign@4.1.1", "", {}, "sha512-rJgTQnkUnH1sFw8yT6VSU3zD3sWmu6sZhIseY8VX+GRu3P6F7Fu+JNDoXfklElbLJSnc3FUQHVe4cU5hj+BcUg=="],

    "object-inspect": ["object-inspect@1.13.4", "", {}, "sha512-W67iLl4J2EXEGTbfeHCffrjDfitvLANg0UlX3wFUUSTx92KXRFegMHUVgSqE+wvhAbi4WqjGg9czysTV2Epbew=="],

    "orderedmap": ["orderedmap@2.1.1", "", {}, "sha512-TvAWxi0nDe1j/rtMcWcIj94+Ffe6n7zhow33h40SKxmsmozs6dz/e+EajymfoFcHd7sxNn8yHM8839uixMOV6g=="],

    "parse-srcset": ["parse-srcset@1.0.2", "", {}, "sha512-/2qh0lav6CmI15FzA3i/2Bzk2zCgQhGMkvhOhKNcBVQ1ldgpbfiNTVslmooUmWJcADi1f1kIeynbDRVzNlfR6Q=="],

    "peggy": ["peggy@4.2.0", "", { "dependencies": { "@peggyjs/from-mem": "1.3.5", "commander": "^12.1.0", "source-map-generator": "0.8.0" }, "bin": { "peggy": "bin/peggy.js" } }, "sha512-ZjzyJYY8NqW8JOZr2PbS/J0UH/hnfGALxSDsBUVQg5Y/I+ZaPuGeBJ7EclUX2RvWjhlsi4pnuL1C/K/3u+cDeg=="],

    "picocolors": ["picocolors@1.1.1", "", {}, "sha512-xceH2snhtb5M9liqDsmEw56le376mTZkEX/jEb/RxNFyegNul7eNslCXP9FDj/Lcu0X8KEyMceP2ntpaHrDEVA=="],

    "pixi.js": ["pixi.js@7.4.3", "", { "dependencies": { "@pixi/accessibility": "7.4.3", "@pixi/app": "7.4.3", "@pixi/assets": "7.4.3", "@pixi/compressed-textures": "7.4.3", "@pixi/core": "7.4.3", "@pixi/display": "7.4.3", "@pixi/events": "7.4.3", "@pixi/extensions": "7.4.3", "@pixi/extract": "7.4.3", "@pixi/filter-alpha": "7.4.3", "@pixi/filter-blur": "7.4.3", "@pixi/filter-color-matrix": "7.4.3", "@pixi/filter-displacement": "7.4.3", "@pixi/filter-fxaa": "7.4.3", "@pixi/filter-noise": "7.4.3", "@pixi/graphics": "7.4.3", "@pixi/mesh": "7.4.3", "@pixi/mesh-extras": "7.4.3", "@pixi/mixin-cache-as-bitmap": "7.4.3", "@pixi/mixin-get-child-by-name": "7.4.3", "@pixi/mixin-get-global-position": "7.4.3", "@pixi/particle-container": "7.4.3", "@pixi/prepare": "7.4.3", "@pixi/sprite": "7.4.3", "@pixi/sprite-animated": "7.4.3", "@pixi/sprite-tiling": "7.4.3", "@pixi/spritesheet": "7.4.3", "@pixi/text": "7.4.3", "@pixi/text-bitmap": "7.4.3", "@pixi/text-html": "7.4.3" } }, "sha512-uIWdH0EI2dVgNoqN9aFaHCmR0V65OEhMkXs2sek3c/QP2ItV6UoM+ouX9esSv3ibo20F+J5D1XwnQhUZI6wqeQ=="],

    "postcss": ["postcss@8.5.4", "", { "dependencies": { "nanoid": "^3.3.11", "picocolors": "^1.1.1", "source-map-js": "^1.2.1" } }, "sha512-QSa9EBe+uwlGTFmHsPKokv3B/oEMQZxfqW0QqNCyhpa6mB1afzulwn8hihglqAb2pOw+BJgNlmXQ8la2VeHB7w=="],

    "prosemirror-collab": ["prosemirror-collab@1.3.1", "", { "dependencies": { "prosemirror-state": "^1.0.0" } }, "sha512-4SnynYR9TTYaQVXd/ieUvsVV4PDMBzrq2xPUWutHivDuOshZXqQ5rGbZM84HEaXKbLdItse7weMGOUdDVcLKEQ=="],

    "prosemirror-commands": ["prosemirror-commands@1.7.1", "", { "dependencies": { "prosemirror-model": "^1.0.0", "prosemirror-state": "^1.0.0", "prosemirror-transform": "^1.10.2" } }, "sha512-rT7qZnQtx5c0/y/KlYaGvtG411S97UaL6gdp6RIZ23DLHanMYLyfGBV5DtSnZdthQql7W+lEVbpSfwtO8T+L2w=="],

    "prosemirror-dropcursor": ["prosemirror-dropcursor@1.8.2", "", { "dependencies": { "prosemirror-state": "^1.0.0", "prosemirror-transform": "^1.1.0", "prosemirror-view": "^1.1.0" } }, "sha512-CCk6Gyx9+Tt2sbYk5NK0nB1ukHi2ryaRgadV/LvyNuO3ena1payM2z6Cg0vO1ebK8cxbzo41ku2DE5Axj1Zuiw=="],

    "prosemirror-gapcursor": ["prosemirror-gapcursor@1.3.2", "", { "dependencies": { "prosemirror-keymap": "^1.0.0", "prosemirror-model": "^1.0.0", "prosemirror-state": "^1.0.0", "prosemirror-view": "^1.0.0" } }, "sha512-wtjswVBd2vaQRrnYZaBCbyDqr232Ed4p2QPtRIUK5FuqHYKGWkEwl08oQM4Tw7DOR0FsasARV5uJFvMZWxdNxQ=="],

    "prosemirror-history": ["prosemirror-history@1.4.1", "", { "dependencies": { "prosemirror-state": "^1.2.2", "prosemirror-transform": "^1.0.0", "prosemirror-view": "^1.31.0", "rope-sequence": "^1.3.0" } }, "sha512-2JZD8z2JviJrboD9cPuX/Sv/1ChFng+xh2tChQ2X4bB2HeK+rra/bmJ3xGntCcjhOqIzSDG6Id7e8RJ9QPXLEQ=="],

    "prosemirror-inputrules": ["prosemirror-inputrules@1.5.0", "", { "dependencies": { "prosemirror-state": "^1.0.0", "prosemirror-transform": "^1.0.0" } }, "sha512-K0xJRCmt+uSw7xesnHmcn72yBGTbY45vm8gXI4LZXbx2Z0jwh5aF9xrGQgrVPu0WbyFVFF3E/o9VhJYz6SQWnA=="],

    "prosemirror-keymap": ["prosemirror-keymap@1.2.3", "", { "dependencies": { "prosemirror-state": "^1.0.0", "w3c-keyname": "^2.2.0" } }, "sha512-4HucRlpiLd1IPQQXNqeo81BGtkY8Ai5smHhKW9jjPKRc2wQIxksg7Hl1tTI2IfT2B/LgX6bfYvXxEpJl7aKYKw=="],

    "prosemirror-model": ["prosemirror-model@1.25.1", "", { "dependencies": { "orderedmap": "^2.0.0" } }, "sha512-AUvbm7qqmpZa5d9fPKMvH1Q5bqYQvAZWOGRvxsB6iFLyycvC9MwNemNVjHVrWgjaoxAfY8XVg7DbvQ/qxvI9Eg=="],

    "prosemirror-schema-list": ["prosemirror-schema-list@1.5.1", "", { "dependencies": { "prosemirror-model": "^1.0.0", "prosemirror-state": "^1.0.0", "prosemirror-transform": "^1.7.3" } }, "sha512-927lFx/uwyQaGwJxLWCZRkjXG0p48KpMj6ueoYiu4JX05GGuGcgzAy62dfiV8eFZftgyBUvLx76RsMe20fJl+Q=="],

    "prosemirror-state": ["prosemirror-state@1.4.3", "", { "dependencies": { "prosemirror-model": "^1.0.0", "prosemirror-transform": "^1.0.0", "prosemirror-view": "^1.27.0" } }, "sha512-goFKORVbvPuAQaXhpbemJFRKJ2aixr+AZMGiquiqKxaucC6hlpHNZHWgz5R7dS4roHiwq9vDctE//CZ++o0W1Q=="],

    "prosemirror-tables": ["prosemirror-tables@1.7.1", "", { "dependencies": { "prosemirror-keymap": "^1.2.2", "prosemirror-model": "^1.25.0", "prosemirror-state": "^1.4.3", "prosemirror-transform": "^1.10.3", "prosemirror-view": "^1.39.1" } }, "sha512-eRQ97Bf+i9Eby99QbyAiyov43iOKgWa7QCGly+lrDt7efZ1v8NWolhXiB43hSDGIXT1UXgbs4KJN3a06FGpr1Q=="],

    "prosemirror-transform": ["prosemirror-transform@1.10.4", "", { "dependencies": { "prosemirror-model": "^1.21.0" } }, "sha512-pwDy22nAnGqNR1feOQKHxoFkkUtepoFAd3r2hbEDsnf4wp57kKA36hXsB3njA9FtONBEwSDnDeCiJe+ItD+ykw=="],

    "prosemirror-view": ["prosemirror-view@1.39.3", "", { "dependencies": { "prosemirror-model": "^1.20.0", "prosemirror-state": "^1.0.0", "prosemirror-transform": "^1.1.0" } }, "sha512-bY/7kg0LzRE7ytR0zRdSMWX3sknEjw68l836ffLPMh0OG3OYnNuBDUSF3v0vjvnzgYjgY9ZH/RypbARURlcMFA=="],

    "punycode": ["punycode@1.4.1", "", {}, "sha512-jmYNElW7yvO7TV33CjSmvSiE2yco3bV2czu/OzDKdMNVZQWfxCblURLhf+47syQRBntjfLdd/H0egrzIG+oaFQ=="],

    "qs": ["qs@6.14.0", "", { "dependencies": { "side-channel": "^1.1.0" } }, "sha512-YWWTjgABSKcvs/nWBi9PycY/JiPJqOD4JA6o9Sej2AtvSGarXxKC3OQSk4pAarbdQlKAh5D4FCQkJNkW+GAn3w=="],

    "queue-microtask": ["queue-microtask@1.2.3", "", {}, "sha512-NuaNSa6flKT5JaSYQzJok04JzTL1CA6aGhv5rfLW3PgqA+M2ChpZQnAC8h8i4ZFkBS8X5RqkDBHA7r4hej3K9A=="],

    "randombytes": ["randombytes@2.1.0", "", { "dependencies": { "safe-buffer": "^5.1.0" } }, "sha512-vYl3iOX+4CKUWuxGi9Ukhie6fsqXqS9FE2Zaic4tNFD2N2QQaXOMFbuKK4QmDHC0JO6B1Zp41J0LpT0oR68amQ=="],

    "readable-stream": ["readable-stream@3.6.2", "", { "dependencies": { "inherits": "^2.0.3", "string_decoder": "^1.1.1", "util-deprecate": "^1.0.1" } }, "sha512-9u/sniCrY3D5WdsERHzHE4G2YCXqoG5FTHUiCC4SIbr6XcLZBY05ya9EKjYek9O5xOAwjGq+1JdGBAS7Q9ScoA=="],

    "rope-sequence": ["rope-sequence@1.3.4", "", {}, "sha512-UT5EDe2cu2E/6O4igUr5PSFs23nvvukicWHx6GnOPlHAiiYbzNuCRQCuiUdHJQcqKalLKlrYJnjY0ySGsXNQXQ=="],

    "safe-buffer": ["safe-buffer@5.2.1", "", {}, "sha512-rp3So07KcdmmKbGvgaNxQSJr7bGVSVk5S9Eq1F+ppbRo70+YeaDxkw5Dd8NPN+GD6bjnYm2VuPuCXmpuYvmCXQ=="],

    "sanitize-html": ["sanitize-html@2.17.0", "", { "dependencies": { "deepmerge": "^4.2.2", "escape-string-regexp": "^4.0.0", "htmlparser2": "^8.0.0", "is-plain-object": "^5.0.0", "parse-srcset": "^1.0.2", "postcss": "^8.3.11" } }, "sha512-dLAADUSS8rBwhaevT12yCezvioCA+bmUTPH/u57xKPT8d++voeYE6HeluA/bPbQ15TwDBG2ii+QZIEmYx8VdxA=="],

    "semver": ["semver@7.6.3", "", { "bin": { "semver": "bin/semver.js" } }, "sha512-oVekP1cKtI+CTDvHWYFUcMtsK/00wmAEfyqKfNdARm8u1wNVhSgaX7A8d4UuIlUI5e84iEwOhs7ZPYRmzU9U6A=="],

    "showdown": ["showdown@2.1.0", "", { "dependencies": { "commander": "^9.0.0" }, "bin": { "showdown": "bin/showdown.js" } }, "sha512-/6NVYu4U819R2pUIk79n67SYgJHWCce0a5xTP979WbNp0FL9MN1I1QK662IDU1b6JzKTvmhgI7T7JYIxBi3kMQ=="],

    "side-channel": ["side-channel@1.1.0", "", { "dependencies": { "es-errors": "^1.3.0", "object-inspect": "^1.13.3", "side-channel-list": "^1.0.0", "side-channel-map": "^1.0.1", "side-channel-weakmap": "^1.0.2" } }, "sha512-ZX99e6tRweoUXqR+VBrslhda51Nh5MTQwou5tnUDgbtyM0dBgmhEDtWGP/xbKn6hqfPRHujUNwz5fy/wbbhnpw=="],

    "side-channel-list": ["side-channel-list@1.0.0", "", { "dependencies": { "es-errors": "^1.3.0", "object-inspect": "^1.13.3" } }, "sha512-FCLHtRD/gnpCiCHEiJLOwdmFP+wzCmDEkc9y7NsYxeF4u7Btsn1ZuwgwJGxImImHicJArLP4R0yX4c2KCrMrTA=="],

    "side-channel-map": ["side-channel-map@1.0.1", "", { "dependencies": { "call-bound": "^1.0.2", "es-errors": "^1.3.0", "get-intrinsic": "^1.2.5", "object-inspect": "^1.13.3" } }, "sha512-VCjCNfgMsby3tTdo02nbjtM/ewra6jPHmpThenkTYh8pG9ucZ/1P8So4u4FGBek/BjpOVsDCMoLA/iuBKIFXRA=="],

    "side-channel-weakmap": ["side-channel-weakmap@1.0.2", "", { "dependencies": { "call-bound": "^1.0.2", "es-errors": "^1.3.0", "get-intrinsic": "^1.2.5", "object-inspect": "^1.13.3", "side-channel-map": "^1.0.1" } }, "sha512-WPS/HvHQTYnHisLo9McqBHOJk2FkHO/tlpvldyrnem4aeQp4hai3gythswg6p01oSoTl58rcpiFAjF2br2Ak2A=="],

    "simple-peer": ["simple-peer@9.11.1", "", { "dependencies": { "buffer": "^6.0.3", "debug": "^4.3.2", "err-code": "^3.0.1", "get-browser-rtc": "^1.1.0", "queue-microtask": "^1.2.3", "randombytes": "^2.1.0", "readable-stream": "^3.6.0" } }, "sha512-D1SaWpOW8afq1CZGWB8xTfrT3FekjQmPValrqncJMX7QFl8YwhrPTZvMCANLtgBwwdS+7zURyqxDDEmY558tTw=="],

    "socket.io": ["socket.io@4.8.1", "", { "dependencies": { "accepts": "~1.3.4", "base64id": "~2.0.0", "cors": "~2.8.5", "debug": "~4.3.2", "engine.io": "~6.6.0", "socket.io-adapter": "~2.5.2", "socket.io-parser": "~4.2.4" } }, "sha512-oZ7iUCxph8WYRHHcjBEc9unw3adt5CmSNlppj/5Q4k2RIrhl8Z5yY2Xr4j9zj0+wzVZ0bxmYoGSzKJnRl6A4yg=="],

    "socket.io-adapter": ["socket.io-adapter@2.5.5", "", { "dependencies": { "debug": "~4.3.4", "ws": "~8.17.1" } }, "sha512-eLDQas5dzPgOWCk9GuuJC2lBqItuhKI4uxGgo9aIV7MYbk2h9Q6uULEh8WBzThoI7l+qU9Ast9fVUmkqPP9wYg=="],

    "socket.io-client": ["socket.io-client@4.8.1", "", { "dependencies": { "@socket.io/component-emitter": "~3.1.0", "debug": "~4.3.2", "engine.io-client": "~6.6.1", "socket.io-parser": "~4.2.4" } }, "sha512-hJVXfu3E28NmzGk8o1sHhN3om52tRvwYeidbj7xKy2eIIse5IoKX3USlS6Tqt3BHAtflLIkCQBkzVrEEfWUyYQ=="],

    "socket.io-parser": ["socket.io-parser@4.2.4", "", { "dependencies": { "@socket.io/component-emitter": "~3.1.0", "debug": "~4.3.1" } }, "sha512-/GbIKmo8ioc+NIWIhwdecY0ge+qVBSMdgxGygevmdHj24bsfgtCmcUUcQ5ZzcylGFHsN3k4HB4Cgkl96KVnuew=="],

    "source-map": ["source-map@0.6.1", "", {}, "sha512-UjgapumWlbMhkBgzT7Ykc5YXUT46F0iKu8SGXq0bcwP5dz/h0Plj6enJqjz1Zbq2l5WaqYnrVbwWOWMyF3F47g=="],

    "source-map-generator": ["source-map-generator@0.8.0", "", {}, "sha512-psgxdGMwl5MZM9S3FWee4EgsEaIjahYV5AzGnwUvPhWeITz/j6rKpysQHlQ4USdxvINlb8lKfWGIXwfkrgtqkA=="],

    "source-map-js": ["source-map-js@1.2.1", "", {}, "sha512-UXWMKhLOwVKb728IUtQPXxfYU+usdybtUrK/8uGE8CQMvrhOpwvzDBwj0QhSL7MQc7vIsISBG8VQ8+IDQxpfQA=="],

    "spark-md5": ["spark-md5@3.0.2", "", {}, "sha512-wcFzz9cDfbuqe0FZzfi2or1sgyIrsDwmPwfZC4hiNidPdPINjeUwNfv5kldczoEAcjl9Y1L3SM7Uz2PUEQzxQw=="],

    "string_decoder": ["string_decoder@1.3.0", "", { "dependencies": { "safe-buffer": "~5.2.0" } }, "sha512-hkRX8U1WjJFd8LsDJ2yQ/wWWxaopEsABU1XfkM8A+j0+85JAGppt16cr1Whg6KIbb4okU6Mql6BOj+uup/wKeA=="],

    "style-mod": ["style-mod@4.1.2", "", {}, "sha512-wnD1HyVqpJUI2+eKZ+eo1UwghftP6yuFheBqqe+bWCotBjC2K1YnteJILRMs3SM4V/0dLEW1SC27MWP5y+mwmw=="],

    "tinymce": ["tinymce@6.8.6", "", {}, "sha512-++XYEs8lKWvZxDCjrr8Baiw7KiikraZ5JkLMg6EdnUVNKJui0IsrAADj5MsyUeFkcEryfn2jd3p09H7REvewyg=="],

    "typescript": ["typescript@5.8.3", "", { "bin": { "tsc": "bin/tsc", "tsserver": "bin/tsserver" } }, "sha512-p1diW6TqL9L07nNxvRMM7hMMw4c5XOo/1ibL4aAIGmSAt9slTE1Xgw5KWuof2uTOvCg9BY7ZRi+GaF+7sfgPeQ=="],

    "uglify-js": ["uglify-js@3.19.3", "", { "bin": { "uglifyjs": "bin/uglifyjs" } }, "sha512-v3Xu+yuwBXisp6QYTcH4UbH+xYJXqnq2m/LtQVWKWzYc1iehYnLixoQDN9FH6/j9/oybfd6W9Ghwkl8+UMKTKQ=="],

    "undici-types": ["undici-types@6.21.0", "", {}, "sha512-iwDZqg0QAGrg9Rav5H4n0M64c3mkR59cJ6wQp+7C4nI0gsmExaedaYLNO44eT4AtBBwjbTiGPMlt2Md0T9H9JQ=="],

    "url": ["url@0.11.4", "", { "dependencies": { "punycode": "^1.4.1", "qs": "^6.12.3" } }, "sha512-oCwdVC7mTuWiPyjLUz/COz5TLk6wgp0RCsN+wHZ2Ekneac9w8uuV0njcbbie2ME+Vs+d6duwmYuR3HgQXs1fOg=="],

    "util-deprecate": ["util-deprecate@1.0.2", "", {}, "sha512-EPD5q1uXyFxJpCrLnCc1nHnq3gOa6DZBocAIiI2TaSCA7VCJ1UJDMagCzIkXNsUYfD1daK//LTEQ8xiIbrHtcw=="],

    "vary": ["vary@1.1.2", "", {}, "sha512-BNGbWLfd0eUPabhkXUVm0j8uuvREyTh5ovRa/dyow/BqAbZJyC+5fU+IzQOzmAKzYqYRAISoRhdQr3eIZ/PXqg=="],

    "w3c-keyname": ["w3c-keyname@2.2.8", "", {}, "sha512-dpojBhNsCNN7T82Tm7k26A6G9ML3NkhDsnw9n/eoxSRlVBB4CEtIQ/KTCLI2Fwf3ataSXRhYFkQi3SlnFwPvPQ=="],

    "wordwrap": ["wordwrap@1.0.0", "", {}, "sha512-gvVzJFlPycKc5dZN4yPkP8w7Dc37BtP1yczEneOb4uq34pXZcvrtRTmWV8W+Ume+XCxKgbjM+nevkyFPMybd4Q=="],

    "ws": ["ws@8.17.1", "", { "peerDependencies": { "bufferutil": "^4.0.1", "utf-8-validate": ">=5.0.2" }, "optionalPeers": ["bufferutil", "utf-8-validate"] }, "sha512-6XQFvXTkbfUOZOKKILFG1PDK2NDQs4azKQl26T0YS5CxqWLgXajbPZ+h4gZekJyRqFU8pvnbAbbs/3TgRPy+GQ=="],

    "xmlhttprequest-ssl": ["xmlhttprequest-ssl@2.1.2", "", {}, "sha512-TEU+nJVUUnA4CYJFLvK5X9AOeH4KvDvhIfm0vV1GaQRtchnG0hgK5p8hw/xjv8cunWYCsiPCSDzObPyhEwq3KQ=="],

    "@pixi/utils/@types/earcut": ["@types/earcut@2.1.4", "", {}, "sha512-qp3m9PPz4gULB9MhjGID7wpo3gJ4bTGXm7ltNDsmOvsPduTeHp8wSW9YckBj3mljeOh4F0m2z/0JKAALRKbmLQ=="],

    "@pixi/utils/earcut": ["earcut@2.2.4", "", {}, "sha512-/pjZsA1b4RPHbeWZQn66SWS8nZZWLQQ23oE3Eam7aroEFGEvwKAsJfZ9ytiEMycfzXWpca4FA9QIOehf7PocBQ=="],

    "accepts/mime-types": ["mime-types@2.1.35", "", { "dependencies": { "mime-db": "1.52.0" } }, "sha512-ZDY+bPm5zTTF+YpCrAU9nK0UgICYPT0QtT1NZWFv4s++TNkcgVaT0g6+4R2uI4MjQjzysHB1zxuWL50hzaeXiw=="],

    "showdown/commander": ["commander@9.5.0", "", {}, "sha512-KRs7WVDKg86PWiuAqhDrAQnTXZKraVcCc6vFdL14qrZ/DcWwuRo7VoiYXalXO7S5GKpqYiVEwCbgFDfxNHKJBQ=="],

    "accepts/mime-types/mime-db": ["mime-db@1.52.0", "", {}, "sha512-sPU4uV7dYlvtWJxwwxHD0PuihVNiE7TyAbQ5SWxDCB9mUYvOgroQOwYQQOKPJ8CIbE+1ETVlOoK1UC2nU3gYvg=="],
  }
}
